
Microsoft Visual Studio Solution File, Format Version 12.00
# Visual Studio Version 17
VisualStudioVersion = 17.6.33723.286
MinimumVisualStudioVersion = 10.0.40219.1
Project("{FAE04EC0-301F-11D3-BF4B-00C04F79EFBC}") = "LMS_Project", "LMS_Project\LMS_Project.csproj", "{A01EFC40-3D1B-4E59-AF9F-80DE5DF3C66B}"
EndProject
Global
	GlobalSection(SolutionConfigurationPlatforms) = preSolution
		Debug|Any CPU = Debug|Any CPU
		Release|Any CPU = Release|Any CPU
	EndGlobalSection
	GlobalSection(ProjectConfigurationPlatforms) = postSolution
		{A01EFC40-3D1B-4E59-AF9F-80DE5DF3C66B}.Debug|Any CPU.ActiveCfg = Debug|Any CPU
		{A01EFC40-3D1B-4E59-AF9F-80DE5DF3C66B}.Debug|Any CPU.Build.0 = Debug|Any CPU
		{A01EFC40-3D1B-4E59-AF9F-80DE5DF3C66B}.Release|Any CPU.ActiveCfg = Release|Any CPU
		{A01EFC40-3D1B-4E59-AF9F-80DE5DF3C66B}.Release|Any CPU.Build.0 = Release|Any CPU
	EndGlobalSection
	GlobalSection(SolutionProperties) = preSolution
		HideSolutionNode = FALSE
	EndGlobalSection
	GlobalSection(ExtensibilityGlobals) = postSolution
		SolutionGuid = {4FA09EB0-771B-4775-A159-5E55E7899200}
	EndGlobalSection
EndGlobal
